[[package]]
category = "main"
description = "Cross-platform colored terminal text."
name = "colorama"
optional = false
python-versions = ">=2.7, !=3.0.*, !=3.1.*, !=3.2.*, !=3.3.*, !=3.4.*"
version = "0.4.4"

[[package]]
category = "main"
description = "Bindings to the Linux input handling subsystem"
marker = "sys_platform in \"linux\""
name = "evdev"
optional = false
python-versions = "*"
version = "1.4.0"

[[package]]
category = "main"
description = "Monitor and control user input devices"
name = "pynput"
optional = false
python-versions = "*"
version = "1.7.3"

[package.dependencies]
evdev = ">=1.3"
pyobjc-framework-Quartz = ">=7.0"
python-xlib = ">=0.17"
six = "*"

[[package]]
category = "main"
description = "Python<->ObjC Interoperability Module"
marker = "sys_platform == \"darwin\""
name = "pyobjc-core"
optional = false
python-versions = ">=3.6"
version = "7.2"

[[package]]
category = "main"
description = "Wrappers for the Cocoa frameworks on macOS"
marker = "sys_platform == \"darwin\""
name = "pyobjc-framework-cocoa"
optional = false
python-versions = ">=3.6"
version = "7.2"

[package.dependencies]
pyobjc-core = ">=7.2"

[[package]]
category = "main"
description = "Wrappers for the Quartz frameworks on macOS"
marker = "sys_platform == \"darwin\""
name = "pyobjc-framework-quartz"
optional = false
python-versions = ">=3.6"
version = "7.2"

[package.dependencies]
pyobjc-core = ">=7.2"
pyobjc-framework-Cocoa = ">=7.2"

[[package]]
category = "main"
description = "Python X Library"
marker = "sys_platform in \"linux\""
name = "python-xlib"
optional = false
python-versions = "*"
version = "0.30"

[package.dependencies]
six = ">=1.10.0"

[[package]]
category = "main"
description = "Python 2 and 3 compatibility utilities"
name = "six"
optional = false
python-versions = ">=2.7, !=3.0.*, !=3.1.*, !=3.2.*"
version = "1.16.0"

[metadata]
content-hash = "1e77d9cc668e30697dbe6a0070b60a3cdf16be6fa88782c1198cf148dc19f97d"
python-versions = "^3.8"

[metadata.files]
colorama = [
    {file = "colorama-0.4.4-py2.py3-none-any.whl", hash = "sha256:9f47eda37229f68eee03b24b9748937c7dc3868f906e8ba69fbcbdd3bc5dc3e2"},
    {file = "colorama-0.4.4.tar.gz", hash = "sha256:5941b2b48a20143d2267e95b1c2a7603ce057ee39fd88e7329b0c292aa16869b"},
]
evdev = [
    {file = "evdev-1.4.0.tar.gz", hash = "sha256:8782740eb1a86b187334c07feb5127d3faa0b236e113206dfe3ae8f77fb1aaf1"},
]
pynput = [
    {file = "pynput-1.7.3-py2.py3-none-any.whl", hash = "sha256:fea5777454f896bd79d35393088cd29a089f3b2da166f0848a922b1d5a807d4f"},
    {file = "pynput-1.7.3-py3.8.egg", hash = "sha256:6626e8ea9ca482bb5628a7169e1193824e382c4ad3053e40f4f24f41ee7b41c9"},
    {file = "pynput-1.7.3.tar.gz", hash = "sha256:4e50b1a0ab86847e87e58f6d1993688b9a44f9f4c88d4712315ea8eb552ef828"},
]
pyobjc-core = [
    {file = "pyobjc-core-7.2.tar.gz", hash = "sha256:9e9ec482d80ea030cdb1613d05a247f31eedabe6666d884d42dd890cc5fb0e05"},
    {file = "pyobjc_core-7.2-cp310-cp310-macosx_10_9_universal2.whl", hash = "sha256:94b4d9de9d228db52dd35012096d63bdf8c1ace58ea3be1d5f6f39313cd502f2"},
    {file = "pyobjc_core-7.2-cp37-cp37m-macosx_10_9_x86_64.whl", hash = "sha256:971cbd7189ae1aa03ef0d16124aa5bcd053779e0e6b6011a41c3dbd5b4ea7e88"},
    {file = "pyobjc_core-7.2-cp38-cp38-macosx_10_9_x86_64.whl", hash = "sha256:9d93b20394008373d6d2856d49aaff26f4b97ff42d924a14516c8a82313ec8c0"},
    {file = "pyobjc_core-7.2-cp39-cp39-macosx_10_9_universal2.whl", hash = "sha256:860183540d1be792c26426018139ac8ba75e85f675c59ba080ccdc52d8e74c7a"},
    {file = "pyobjc_core-7.2-cp39-cp39-macosx_10_9_x86_64.whl", hash = "sha256:ffe61d3c2a404354daf2d895e34e38c5044453353581b3c396bf5365de26250c"},
]
pyobjc-framework-cocoa = [
    {file = "pyobjc-framework-Cocoa-7.2.tar.gz", hash = "sha256:c8b23f03dc3f4436d36c0fd006a8a084835c4f6015187df7c3aa5de8ecd5c653"},
    {file = "pyobjc_framework_Cocoa-7.2-cp310-cp310-macosx_10_9_universal2.whl", hash = "sha256:8e5dd5daa0096755937ec24c345a4b07c3fa131a457f99e0fdeeb01979178ec7"},
    {file = "pyobjc_framework_Cocoa-7.2-cp37-cp37m-macosx_10_9_x86_64.whl", hash = "sha256:828d183947fc7746953fd0c9b1092cc423745ba0b49719e7b7d1e1614aaa20ec"},
    {file = "pyobjc_framework_Cocoa-7.2-cp38-cp38-macosx_10_9_x86_64.whl", hash = "sha256:7e4c6d7baa0c2ab5ea5efb8836ad0b3b3976cffcfc6195c1f195e826c6eb5744"},
    {file = "pyobjc_framework_Cocoa-7.2-cp39-cp39-macosx_10_9_universal2.whl", hash = "sha256:c9a9d1d49cc5a810773c88d6de821e60c8cc41d01113cf1b9e7662938f5f7d66"},
    {file = "pyobjc_framework_Cocoa-7.2-cp39-cp39-macosx_10_9_x86_64.whl", hash = "sha256:506c2cd09f421eac92b9008a0142174c3d1d70ecd4b0e3fa2b924767995fd14e"},
]
pyobjc-framework-quartz = [
    {file = "pyobjc-framework-Quartz-7.2.tar.gz", hash = "sha256:ea554e5697bc6747a4ce793c0b0036da16622b44ff75196d6124603008922afa"},
    {file = "pyobjc_framework_Quartz-7.2-cp310-cp310-macosx_10_9_universal2.whl", hash = "sha256:dc61fe61d26f797e4335f3ffc891bcef64624c728c2603e3307b3910580b2cb8"},
    {file = "pyobjc_framework_Quartz-7.2-cp37-cp37m-macosx_10_9_x86_64.whl", hash = "sha256:ad8103cc38923f2708904db11a0992ea960125ce6adf7b4c7a77d8fdafd412c4"},
    {file = "pyobjc_framework_Quartz-7.2-cp38-cp38-macosx_10_9_x86_64.whl", hash = "sha256:4549d17ca41f0bf62792d5bc4b4293ba9a6cc560014b3e18ba22c65e4a5030d2"},
    {file = "pyobjc_framework_Quartz-7.2-cp39-cp39-macosx_10_9_universal2.whl", hash = "sha256:da16e4f1e13cb7b02e30fa538cbb3a356e4a694bbc2bb26d2bd100ca12a54ff6"},
    {file = "pyobjc_framework_Quartz-7.2-cp39-cp39-macosx_10_9_x86_64.whl", hash = "sha256:c1f6471177a39535cd0358ae29b8f3d31fe778a21deb74105c448c4e726619d7"},
]
python-xlib = [
    {file = "python-xlib-0.30.tar.gz", hash = "sha256:74131418faf9e7b83178c71d9d80297fbbd678abe99ae9258f5a20cd027acb5f"},
    {file = "python_xlib-0.30-py2.py3-none-any.whl", hash = "sha256:c4c92cd47e07588b2cbc7d52de18407b2902c3812d7cdec39cd2177b060828e2"},
]
six = [
    {file = "six-1.16.0-py2.py3-none-any.whl", hash = "sha256:8abb2f1d86890a2dfb989f9a77cfcfd3e47c2a354b01111771326f8aa26e0254"},
    {file = "six-1.16.0.tar.gz", hash = "sha256:1e61c37477a1626458e36f7b1d82aa5c9b094fa4802892072e49de9c60c4c926"},
]
